Microsoft Visual Studio Solution File, Format Version 11.00
# Visual Studio 2008

Project("{5CED2488-5EF9-79F5-8AB9-13380A9A7A2D}") = "Magniverse", "Assembly-CSharp-firstpass.csproj", "{0A1F7D7E-EDCD-3E99-33E6-D6EF98F26E80}"
EndProject
Project("{5CED2488-5EF9-79F5-8AB9-13380A9A7A2D}") = "Magniverse", "Assembly-CSharp.csproj", "{9ACA0DF4-A22B-6668-60A4-156A146F0685}"
EndProject
Project("{5CED2488-5EF9-79F5-8AB9-13380A9A7A2D}") = "Magniverse", "Assembly-UnityScript-firstpass.unityproj", "{E73ADB05-7700-DE91-F523-69EB5F1BD39A}"
EndProject
Global
	GlobalSection(SolutionConfigurationPlatforms) = preSolution
		Debug|Any CPU = Debug|Any CPU
		Release|Any CPU = Release|Any CPU
	EndGlobalSection
	GlobalSection(ProjectConfigurationPlatforms) = postSolution
		{0A1F7D7E-EDCD-3E99-33E6-D6EF98F26E80}.Debug|Any CPU.ActiveCfg = Debug|Any CPU
		{0A1F7D7E-EDCD-3E99-33E6-D6EF98F26E80}.Debug|Any CPU.Build.0 = Debug|Any CPU
		{0A1F7D7E-EDCD-3E99-33E6-D6EF98F26E80}.Release|Any CPU.ActiveCfg = Release|Any CPU
		{0A1F7D7E-EDCD-3E99-33E6-D6EF98F26E80}.Release|Any CPU.Build.0 = Release|Any CPU
		{9ACA0DF4-A22B-6668-60A4-156A146F0685}.Debug|Any CPU.ActiveCfg = Debug|Any CPU
		{9ACA0DF4-A22B-6668-60A4-156A146F0685}.Debug|Any CPU.Build.0 = Debug|Any CPU
		{9ACA0DF4-A22B-6668-60A4-156A146F0685}.Release|Any CPU.ActiveCfg = Release|Any CPU
		{9ACA0DF4-A22B-6668-60A4-156A146F0685}.Release|Any CPU.Build.0 = Release|Any CPU
		{E73ADB05-7700-DE91-F523-69EB5F1BD39A}.Debug|Any CPU.ActiveCfg = Debug|Any CPU
		{E73ADB05-7700-DE91-F523-69EB5F1BD39A}.Debug|Any CPU.Build.0 = Debug|Any CPU
		{E73ADB05-7700-DE91-F523-69EB5F1BD39A}.Release|Any CPU.ActiveCfg = Release|Any CPU
		{E73ADB05-7700-DE91-F523-69EB5F1BD39A}.Release|Any CPU.Build.0 = Release|Any CPU
	EndGlobalSection
	GlobalSection(SolutionProperties) = preSolution
		HideSolutionNode = FALSE
	EndGlobalSection
			GlobalSection(MonoDevelopProperties) = preSolution
		StartupItem = Assembly-CSharp.csproj
		Policies = $0
		$0.TextStylePolicy = $1
		$1.inheritsSet = null
		$1.scope = text/x-csharp
		$0.CSharpFormattingPolicy = $2
		$2.inheritsSet = Mono
		$2.inheritsScope = text/x-csharp
		$2.scope = text/x-csharp
		$0.TextStylePolicy = $3
		$3.FileWidth = 120
		$3.TabWidth = 4
		$3.EolMarker = Unix
		$3.inheritsSet = Mono
		$3.inheritsScope = text/plain
		$3.scope = text/plain
	EndGlobalSection

EndGlobal
