Microsoft Visual Studio Solution File, Format Version 11.00
# Visual Studio 2008

Project("{54047621-7DE9-F4B9-AB63-D718718B65F9}") = "SlingshotMaster", "Assembly-CSharp-vs.csproj", "{02DEFA82-F165-9574-C426-EAE364B27D0A}"
EndProject
Global
	GlobalSection(SolutionConfigurationPlatforms) = preSolution
		Debug|Any CPU = Debug|Any CPU
		Release|Any CPU = Release|Any CPU
	EndGlobalSection
	GlobalSection(ProjectConfigurationPlatforms) = postSolution
		{02DEFA82-F165-9574-C426-EAE364B27D0A}.Debug|Any CPU.ActiveCfg = Debug|Any CPU
		{02DEFA82-F165-9574-C426-EAE364B27D0A}.Debug|Any CPU.Build.0 = Debug|Any CPU
		{02DEFA82-F165-9574-C426-EAE364B27D0A}.Release|Any CPU.ActiveCfg = Release|Any CPU
		{02DEFA82-F165-9574-C426-EAE364B27D0A}.Release|Any CPU.Build.0 = Release|Any CPU
	EndGlobalSection
	GlobalSection(SolutionProperties) = preSolution
		HideSolutionNode = FALSE
	EndGlobalSection
														GlobalSection(MonoDevelopProperties) = preSolution
		StartupItem = Assembly-CSharp.csproj
		Policies = $0
		$0.TextStylePolicy = $1
		$1.inheritsSet = null
		$1.scope = text/x-csharp
		$0.CSharpFormattingPolicy = $2
		$2.inheritsSet = Mono
		$2.inheritsScope = text/x-csharp
		$2.scope = text/x-csharp
		$0.TextStylePolicy = $3
		$3.FileWidth = 120
		$3.TabWidth = 4
		$3.EolMarker = Unix
		$3.inheritsSet = Mono
		$3.inheritsScope = text/plain
		$3.scope = text/plain
	EndGlobalSection

EndGlobal
